
Microsoft Visual Studio Solution File, Format Version 10.00
# Visual Studio 2008
Project("{FAE04EC0-301F-11D3-BF4B-00C04F79EFBC}") = "Ann.vs9", "Ann\Ann.vs9.csproj", "{0A4BB220-4224-4879-8146-3230357CC320}"
	ProjectSection(ProjectDependencies) = postProject
		{9910474A-AA51-4DFF-8499-CB661216B200} = {9910474A-AA51-4DFF-8499-CB661216B200}
	EndProjectSection
EndProject
Project("{FAE04EC0-301F-11D3-BF4B-00C04F79EFBC}") = "Azuki.vs9", "Azuki\Azuki.vs9.csproj", "{9910474A-AA51-4DFF-8499-CB661216B200}"
EndProject
Global
	GlobalSection(SolutionConfigurationPlatforms) = preSolution
		Debug|Any CPU = Debug|Any CPU
		Release|Any CPU = Release|Any CPU
	EndGlobalSection
	GlobalSection(ProjectConfigurationPlatforms) = postSolution
		{0A4BB220-4224-4879-8146-3230357CC320}.Debug|Any CPU.ActiveCfg = Debug|Any CPU
		{0A4BB220-4224-4879-8146-3230357CC320}.Debug|Any CPU.Build.0 = Debug|Any CPU
		{0A4BB220-4224-4879-8146-3230357CC320}.Release|Any CPU.ActiveCfg = Release|Any CPU
		{0A4BB220-4224-4879-8146-3230357CC320}.Release|Any CPU.Build.0 = Release|Any CPU
		{9910474A-AA51-4DFF-8499-CB661216B200}.Debug|Any CPU.ActiveCfg = Debug|Any CPU
		{9910474A-AA51-4DFF-8499-CB661216B200}.Debug|Any CPU.Build.0 = Debug|Any CPU
		{9910474A-AA51-4DFF-8499-CB661216B200}.Release|Any CPU.ActiveCfg = Release|Any CPU
		{9910474A-AA51-4DFF-8499-CB661216B200}.Release|Any CPU.Build.0 = Release|Any CPU
	EndGlobalSection
	GlobalSection(SolutionProperties) = preSolution
		HideSolutionNode = FALSE
	EndGlobalSection
EndGlobal
